Microsoft Visual Studio Solution File, Format Version 12.00
# Visual Studio Version 17
VisualStudioVersion = 17.0.31903.59
MinimumVisualStudioVersion = 10.0.40219.1
Project("{FAE04EC0-301F-11D3-BF4B-00C04F79EFBC}") = "UnifiedContextMenu.Core", "UnifiedContextMenu.Core\UnifiedContextMenu.Core.csproj", "{C59A798A-3204-4584-B71D-5801ACF77238}"
EndProject
Project("{FAE04EC0-301F-11D3-BF4B-00C04F79EFBC}") = "UnifiedContextMenu.Infrastructure.Windows", "UnifiedContextMenu.Infrastructure.Windows\UnifiedContextMenu.Infrastructure.Windows.csproj", "{8BFA13B5-70A4-40BF-B21E-B70033141FA8}"
EndProject
Project("{FAE04EC0-301F-11D3-BF4B-00C04F79EFBC}") = "UnifiedContextMenu.App.WinForms", "UnifiedContextMenu.App.WinForms\UnifiedContextMenu.App.WinForms.csproj", "{6C86A170-9A71-4776-B6EF-B3E4B6A4F5ED}"
EndProject
Global
	GlobalSection(SolutionConfigurationPlatforms) = preSolution
		Debug|Any CPU = Debug|Any CPU
		Release|Any CPU = Release|Any CPU
	EndGlobalSection
	GlobalSection(ProjectConfigurationPlatforms) = postSolution
		{C59A798A-3204-4584-B71D-5801ACF77238}.Debug|Any CPU.ActiveCfg = Debug|Any CPU
		{C59A798A-3204-4584-B71D-5801ACF77238}.Debug|Any CPU.Build.0 = Debug|Any CPU
		{C59A798A-3204-4584-B71D-5801ACF77238}.Release|Any CPU.ActiveCfg = Release|Any CPU
		{C59A798A-3204-4584-B71D-5801ACF77238}.Release|Any CPU.Build.0 = Release|Any CPU
		{8BFA13B5-70A4-40BF-B21E-B70033141FA8}.Debug|Any CPU.ActiveCfg = Debug|Any CPU
		{8BFA13B5-70A4-40BF-B21E-B70033141FA8}.Debug|Any CPU.Build.0 = Debug|Any CPU
		{8BFA13B5-70A4-40BF-B21E-B70033141FA8}.Release|Any CPU.ActiveCfg = Release|Any CPU
		{8BFA13B5-70A4-40BF-B21E-B70033141FA8}.Release|Any CPU.Build.0 = Release|Any CPU
		{6C86A170-9A71-4776-B6EF-B3E4B6A4F5ED}.Debug|Any CPU.ActiveCfg = Debug|Any CPU
		{6C86A170-9A71-4776-B6EF-B3E4B6A4F5ED}.Debug|Any CPU.Build.0 = Debug|Any CPU
		{6C86A170-9A71-4776-B6EF-B3E4B6A4F5ED}.Release|Any CPU.ActiveCfg = Release|Any CPU
		{6C86A170-9A71-4776-B6EF-B3E4B6A4F5ED}.Release|Any CPU.Build.0 = Release|Any CPU
	EndGlobalSection
	GlobalSection(SolutionProperties) = preSolution
		HideSolutionNode = FALSE
	EndGlobalSection
EndGlobal
